// !$*UTF8*$!
{
	archiveVersion = 1;
	classes = {
	};
	objectVersion = 56;
	objects = {

/* Begin PBXBuildFile section */
		868CCDC82BC527E000121C84 /* AppDelegate.swift in Sources */ = {isa = PBXBuildFile; fileRef = 868CCDC72BC527E000121C84 /* AppDelegate.swift */; };
		868CCDCC2BC527E000121C84 /* Base in Resources */ = {isa = PBXBuildFile; fileRef = 868CCDCB2BC527E000121C84 /* Base */; };
		868CCDCE2BC527E000121C84 /* Icon.png in Resources */ = {isa = PBXBuildFile; fileRef = 868CCDCD2BC527E000121C84 /* Icon.png */; };
		868CCDD02BC527E000121C84 /* Style.css in Resources */ = {isa = PBXBuildFile; fileRef = 868CCDCF2BC527E000121C84 /* Style.css */; };
		868CCDD22BC527E000121C84 /* Script.js in Resources */ = {isa = PBXBuildFile; fileRef = 868CCDD12BC527E000121C84 /* Script.js */; };
		868CCDD42BC527E000121C84 /* ViewController.swift in Sources */ = {isa = PBXBuildFile; fileRef = 868CCDD32BC527E000121C84 /* ViewController.swift */; };
		868CCDD72BC527E000121C84 /* Base in Resources */ = {isa = PBXBuildFile; fileRef = 868CCDD62BC527E000121C84 /* Base */; };
		868CCDD92BC527E100121C84 /* Assets.xcassets in Resources */ = {isa = PBXBuildFile; fileRef = 868CCDD82BC527E100121C84 /* Assets.xcassets */; };
		868CCDE22BC527E200121C84 /* INVITE CIRCUIT | Referral Code Finder Extension.appex in Embed Foundation Extensions */ = {isa = PBXBuildFile; fileRef = 868CCDE12BC527E200121C84 /* INVITE CIRCUIT | Referral Code Finder Extension.appex */; settings = {ATTRIBUTES = (RemoveHeadersOnCopy, ); }; };
		868CCDE72BC527E200121C84 /* SafariWebExtensionHandler.swift in Sources */ = {isa = PBXBuildFile; fileRef = 868CCDE62BC527E200121C84 /* SafariWebExtensionHandler.swift */; };
		868CCDFA2BC527E200121C84 /* background.js in Resources */ = {isa = PBXBuildFile; fileRef = 868CCDF42BC527E200121C84 /* background.js */; };
		868CCDFB2BC527E200121C84 /* audio in Resources */ = {isa = PBXBuildFile; fileRef = 868CCDF52BC527E200121C84 /* audio */; };
		868CCDFC2BC527E200121C84 /* icons in Resources */ = {isa = PBXBuildFile; fileRef = 868CCDF62BC527E200121C84 /* icons */; };
		868CCDFD2BC527E200121C84 /* style.css in Resources */ = {isa = PBXBuildFile; fileRef = 868CCDF72BC527E200121C84 /* style.css */; };
		868CCDFE2BC527E200121C84 /* manifest.json in Resources */ = {isa = PBXBuildFile; fileRef = 868CCDF82BC527E200121C84 /* manifest.json */; };
		868CCDFF2BC527E200121C84 /* content.js in Resources */ = {isa = PBXBuildFile; fileRef = 868CCDF92BC527E200121C84 /* content.js */; };
/* End PBXBuildFile section */

/* Begin PBXContainerItemProxy section */
		868CCDE32BC527E200121C84 /* PBXContainerItemProxy */ = {
			isa = PBXContainerItemProxy;
			containerPortal = 868CCDBC2BC527E000121C84 /* Project object */;
			proxyType = 1;
			remoteGlobalIDString = 868CCDE02BC527E100121C84;
			remoteInfo = "INVITE CIRCUIT | Referral Code Finder Extension";
		};
/* End PBXContainerItemProxy section */

/* Begin PBXCopyFilesBuildPhase section */
		868CCDEF2BC527E200121C84 /* Embed Foundation Extensions */ = {
			isa = PBXCopyFilesBuildPhase;
			buildActionMask = 2147483647;
			dstPath = "";
			dstSubfolderSpec = 13;
			files = (
				868CCDE22BC527E200121C84 /* INVITE CIRCUIT | Referral Code Finder Extension.appex in Embed Foundation Extensions */,
			);
			name = "Embed Foundation Extensions";
			runOnlyForDeploymentPostprocessing = 0;
		};
/* End PBXCopyFilesBuildPhase section */

/* Begin PBXFileReference section */
		868CCDC42BC527E000121C84 /* INVITE CIRCUIT | Referral Code Finder.app */ = {isa = PBXFileReference; explicitFileType = wrapper.application; includeInIndex = 0; path = "INVITE CIRCUIT | Referral Code Finder.app"; sourceTree = BUILT_PRODUCTS_DIR; };
		868CCDC72BC527E000121C84 /* AppDelegate.swift */ = {isa = PBXFileReference; lastKnownFileType = sourcecode.swift; path = AppDelegate.swift; sourceTree = "<group>"; };
		868CCDCB2BC527E000121C84 /* Base */ = {isa = PBXFileReference; lastKnownFileType = text.html; name = Base; path = ../Base.lproj/Main.html; sourceTree = "<group>"; };
		868CCDCD2BC527E000121C84 /* Icon.png */ = {isa = PBXFileReference; lastKnownFileType = image.png; path = Icon.png; sourceTree = "<group>"; };
		868CCDCF2BC527E000121C84 /* Style.css */ = {isa = PBXFileReference; lastKnownFileType = text.css; path = Style.css; sourceTree = "<group>"; };
		868CCDD12BC527E000121C84 /* Script.js */ = {isa = PBXFileReference; lastKnownFileType = sourcecode.javascript; path = Script.js; sourceTree = "<group>"; };
		868CCDD32BC527E000121C84 /* ViewController.swift */ = {isa = PBXFileReference; lastKnownFileType = sourcecode.swift; path = ViewController.swift; sourceTree = "<group>"; };
		868CCDD62BC527E000121C84 /* Base */ = {isa = PBXFileReference; lastKnownFileType = file.storyboard; name = Base; path = Base.lproj/Main.storyboard; sourceTree = "<group>"; };
		868CCDD82BC527E100121C84 /* Assets.xcassets */ = {isa = PBXFileReference; lastKnownFileType = folder.assetcatalog; path = Assets.xcassets; sourceTree = "<group>"; };
		868CCDDA2BC527E100121C84 /* Info.plist */ = {isa = PBXFileReference; lastKnownFileType = text.plist.xml; path = Info.plist; sourceTree = "<group>"; };
		868CCDDB2BC527E100121C84 /* INVITE_CIRCUIT___Referral_Code_Finder.entitlements */ = {isa = PBXFileReference; lastKnownFileType = text.plist.entitlements; path = "INVITE_CIRCUIT___Referral_Code_Finder.entitlements"; sourceTree = "<group>"; };
		868CCDDC2BC527E100121C84 /* INVITE CIRCUIT | Referral Code Finder.entitlements */ = {isa = PBXFileReference; lastKnownFileType = text.plist.entitlements; path = "INVITE CIRCUIT | Referral Code Finder.entitlements"; sourceTree = "<group>"; };
		868CCDE12BC527E200121C84 /* INVITE CIRCUIT | Referral Code Finder Extension.appex */ = {isa = PBXFileReference; explicitFileType = "wrapper.app-extension"; includeInIndex = 0; path = "INVITE CIRCUIT | Referral Code Finder Extension.appex"; sourceTree = BUILT_PRODUCTS_DIR; };
		868CCDE62BC527E200121C84 /* SafariWebExtensionHandler.swift */ = {isa = PBXFileReference; lastKnownFileType = sourcecode.swift; path = SafariWebExtensionHandler.swift; sourceTree = "<group>"; };
		868CCDE82BC527E200121C84 /* Info.plist */ = {isa = PBXFileReference; lastKnownFileType = text.plist.xml; path = Info.plist; sourceTree = "<group>"; };
		868CCDE92BC527E200121C84 /* INVITE_CIRCUIT___Referral_Code_Finder_Extension.entitlements */ = {isa = PBXFileReference; lastKnownFileType = text.plist.entitlements; path = "INVITE_CIRCUIT___Referral_Code_Finder_Extension.entitlements"; sourceTree = "<group>"; };
		868CCDF42BC527E200121C84 /* background.js */ = {isa = PBXFileReference; lastKnownFileType = sourcecode.javascript; name = background.js; path = ../../Desktop/s1.8/background.js; sourceTree = "<group>"; };
		868CCDF52BC527E200121C84 /* audio */ = {isa = PBXFileReference; lastKnownFileType = folder; name = audio; path = ../../Desktop/s1.8/audio; sourceTree = "<group>"; };
		868CCDF62BC527E200121C84 /* icons */ = {isa = PBXFileReference; lastKnownFileType = folder; name = icons; path = ../../Desktop/s1.8/icons; sourceTree = "<group>"; };
		868CCDF72BC527E200121C84 /* style.css */ = {isa = PBXFileReference; lastKnownFileType = text.css; name = style.css; path = ../../Desktop/s1.8/style.css; sourceTree = "<group>"; };
		868CCDF82BC527E200121C84 /* manifest.json */ = {isa = PBXFileReference; lastKnownFileType = text.json; name = manifest.json; path = ../../Desktop/s1.8/manifest.json; sourceTree = "<group>"; };
		868CCDF92BC527E200121C84 /* content.js */ = {isa = PBXFileReference; lastKnownFileType = sourcecode.javascript; name = content.js; path = ../../Desktop/s1.8/content.js; sourceTree = "<group>"; };
/* End PBXFileReference section */

/* Begin PBXFrameworksBuildPhase section */
		868CCDC12BC527E000121C84 /* Frameworks */ = {
			isa = PBXFrameworksBuildPhase;
			buildActionMask = 2147483647;
			files = (
			);
			runOnlyForDeploymentPostprocessing = 0;
		};
		868CCDDE2BC527E100121C84 /* Frameworks */ = {
			isa = PBXFrameworksBuildPhase;
			buildActionMask = 2147483647;
			files = (
			);
			runOnlyForDeploymentPostprocessing = 0;
		};
/* End PBXFrameworksBuildPhase section */

/* Begin PBXGroup section */
		868CCDBB2BC527E000121C84 = {
			isa = PBXGroup;
			children = (
				868CCDC62BC527E000121C84 /* INVITE CIRCUIT | Referral Code Finder */,
				868CCDE52BC527E200121C84 /* INVITE CIRCUIT | Referral Code Finder Extension */,
				868CCDC52BC527E000121C84 /* Products */,
			);
			sourceTree = "<group>";
		};
		868CCDC52BC527E000121C84 /* Products */ = {
			isa = PBXGroup;
			children = (
				868CCDC42BC527E000121C84 /* INVITE CIRCUIT | Referral Code Finder.app */,
				868CCDE12BC527E200121C84 /* INVITE CIRCUIT | Referral Code Finder Extension.appex */,
			);
			name = Products;
			sourceTree = "<group>";
		};
		868CCDC62BC527E000121C84 /* INVITE CIRCUIT | Referral Code Finder */ = {
			isa = PBXGroup;
			children = (
				868CCDC72BC527E000121C84 /* AppDelegate.swift */,
				868CCDD32BC527E000121C84 /* ViewController.swift */,
				868CCDD52BC527E000121C84 /* Main.storyboard */,
				868CCDD82BC527E100121C84 /* Assets.xcassets */,
				868CCDDA2BC527E100121C84 /* Info.plist */,
				868CCDDB2BC527E100121C84 /* INVITE_CIRCUIT___Referral_Code_Finder.entitlements */,
				868CCDDC2BC527E100121C84 /* INVITE CIRCUIT | Referral Code Finder.entitlements */,
				868CCDC92BC527E000121C84 /* Resources */,
			);
			path = "INVITE CIRCUIT | Referral Code Finder";
			sourceTree = "<group>";
		};
		868CCDC92BC527E000121C84 /* Resources */ = {
			isa = PBXGroup;
			children = (
				868CCDCA2BC527E000121C84 /* Main.html */,
				868CCDCD2BC527E000121C84 /* Icon.png */,
				868CCDCF2BC527E000121C84 /* Style.css */,
				868CCDD12BC527E000121C84 /* Script.js */,
			);
			path = Resources;
			sourceTree = "<group>";
		};
		868CCDE52BC527E200121C84 /* INVITE CIRCUIT | Referral Code Finder Extension */ = {
			isa = PBXGroup;
			children = (
				868CCDF32BC527E200121C84 /* Resources */,
				868CCDE62BC527E200121C84 /* SafariWebExtensionHandler.swift */,
				868CCDE82BC527E200121C84 /* Info.plist */,
				868CCDE92BC527E200121C84 /* INVITE_CIRCUIT___Referral_Code_Finder_Extension.entitlements */,
			);
			path = "INVITE CIRCUIT | Referral Code Finder Extension";
			sourceTree = "<group>";
		};
		868CCDF32BC527E200121C84 /* Resources */ = {
			isa = PBXGroup;
			children = (
				868CCDF42BC527E200121C84 /* background.js */,
				868CCDF52BC527E200121C84 /* audio */,
				868CCDF62BC527E200121C84 /* icons */,
				868CCDF72BC527E200121C84 /* style.css */,
				868CCDF82BC527E200121C84 /* manifest.json */,
				868CCDF92BC527E200121C84 /* content.js */,
			);
			name = Resources;
			path = "INVITE CIRCUIT | Referral Code Finder Extension";
			sourceTree = SOURCE_ROOT;
		};
/* End PBXGroup section */

/* Begin PBXNativeTarget section */
		868CCDC32BC527E000121C84 /* INVITE CIRCUIT | Referral Code Finder */ = {
			isa = PBXNativeTarget;
			buildConfigurationList = 868CCDF02BC527E200121C84 /* Build configuration list for PBXNativeTarget "INVITE CIRCUIT | Referral Code Finder" */;
			buildPhases = (
				868CCDC02BC527E000121C84 /* Sources */,
				868CCDC12BC527E000121C84 /* Frameworks */,
				868CCDC22BC527E000121C84 /* Resources */,
				868CCDEF2BC527E200121C84 /* Embed Foundation Extensions */,
			);
			buildRules = (
			);
			dependencies = (
				868CCDE42BC527E200121C84 /* PBXTargetDependency */,
			);
			name = "INVITE CIRCUIT | Referral Code Finder";
			productName = "INVITE CIRCUIT | Referral Code Finder";
			productReference = 868CCDC42BC527E000121C84 /* INVITE CIRCUIT | Referral Code Finder.app */;
			productType = "com.apple.product-type.application";
		};
		868CCDE02BC527E100121C84 /* INVITE CIRCUIT | Referral Code Finder Extension */ = {
			isa = PBXNativeTarget;
			buildConfigurationList = 868CCDEC2BC527E200121C84 /* Build configuration list for PBXNativeTarget "INVITE CIRCUIT | Referral Code Finder Extension" */;
			buildPhases = (
				868CCDDD2BC527E100121C84 /* Sources */,
				868CCDDE2BC527E100121C84 /* Frameworks */,
				868CCDDF2BC527E100121C84 /* Resources */,
			);
			buildRules = (
			);
			dependencies = (
			);
			name = "INVITE CIRCUIT | Referral Code Finder Extension";
			productName = "INVITE CIRCUIT | Referral Code Finder Extension";
			productReference = 868CCDE12BC527E200121C84 /* INVITE CIRCUIT | Referral Code Finder Extension.appex */;
			productType = "com.apple.product-type.app-extension";
		};
/* End PBXNativeTarget section */

/* Begin PBXProject section */
		868CCDBC2BC527E000121C84 /* Project object */ = {
			isa = PBXProject;
			attributes = {
				BuildIndependentTargetsInParallel = 1;
				LastSwiftUpdateCheck = 1530;
				LastUpgradeCheck = 1530;
				TargetAttributes = {
					868CCDC32BC527E000121C84 = {
						CreatedOnToolsVersion = 15.3;
					};
					868CCDE02BC527E100121C84 = {
						CreatedOnToolsVersion = 15.3;
					};
				};
			};
			buildConfigurationList = 868CCDBF2BC527E000121C84 /* Build configuration list for PBXProject "INVITE CIRCUIT | Referral Code Finder" */;
			compatibilityVersion = "Xcode 14.0";
			developmentRegion = en;
			hasScannedForEncodings = 0;
			knownRegions = (
				en,
				Base,
			);
			mainGroup = 868CCDBB2BC527E000121C84;
			productRefGroup = 868CCDC52BC527E000121C84 /* Products */;
			projectDirPath = "";
			projectRoot = "";
			targets = (
				868CCDC32BC527E000121C84 /* INVITE CIRCUIT | Referral Code Finder */,
				868CCDE02BC527E100121C84 /* INVITE CIRCUIT | Referral Code Finder Extension */,
			);
		};
/* End PBXProject section */

/* Begin PBXResourcesBuildPhase section */
		868CCDC22BC527E000121C84 /* Resources */ = {
			isa = PBXResourcesBuildPhase;
			buildActionMask = 2147483647;
			files = (
				868CCDCE2BC527E000121C84 /* Icon.png in Resources */,
				868CCDD22BC527E000121C84 /* Script.js in Resources */,
				868CCDCC2BC527E000121C84 /* Base in Resources */,
				868CCDD02BC527E000121C84 /* Style.css in Resources */,
				868CCDD92BC527E100121C84 /* Assets.xcassets in Resources */,
				868CCDD72BC527E000121C84 /* Base in Resources */,
			);
			runOnlyForDeploymentPostprocessing = 0;
		};
		868CCDDF2BC527E100121C84 /* Resources */ = {
			isa = PBXResourcesBuildPhase;
			buildActionMask = 2147483647;
			files = (
				868CCDFF2BC527E200121C84 /* content.js in Resources */,
				868CCDFC2BC527E200121C84 /* icons in Resources */,
				868CCDFD2BC527E200121C84 /* style.css in Resources */,
				868CCDFE2BC527E200121C84 /* manifest.json in Resources */,
				868CCDFA2BC527E200121C84 /* background.js in Resources */,
				868CCDFB2BC527E200121C84 /* audio in Resources */,
			);
			runOnlyForDeploymentPostprocessing = 0;
		};
/* End PBXResourcesBuildPhase section */

/* Begin PBXSourcesBuildPhase section */
		868CCDC02BC527E000121C84 /* Sources */ = {
			isa = PBXSourcesBuildPhase;
			buildActionMask = 2147483647;
			files = (
				868CCDD42BC527E000121C84 /* ViewController.swift in Sources */,
				868CCDC82BC527E000121C84 /* AppDelegate.swift in Sources */,
			);
			runOnlyForDeploymentPostprocessing = 0;
		};
		868CCDDD2BC527E100121C84 /* Sources */ = {
			isa = PBXSourcesBuildPhase;
			buildActionMask = 2147483647;
			files = (
				868CCDE72BC527E200121C84 /* SafariWebExtensionHandler.swift in Sources */,
			);
			runOnlyForDeploymentPostprocessing = 0;
		};
/* End PBXSourcesBuildPhase section */

/* Begin PBXTargetDependency section */
		868CCDE42BC527E200121C84 /* PBXTargetDependency */ = {
			isa = PBXTargetDependency;
			target = 868CCDE02BC527E100121C84 /* INVITE CIRCUIT | Referral Code Finder Extension */;
			targetProxy = 868CCDE32BC527E200121C84 /* PBXContainerItemProxy */;
		};
/* End PBXTargetDependency section */

/* Begin PBXVariantGroup section */
		868CCDCA2BC527E000121C84 /* Main.html */ = {
			isa = PBXVariantGroup;
			children = (
				868CCDCB2BC527E000121C84 /* Base */,
			);
			name = Main.html;
			sourceTree = "<group>";
		};
		868CCDD52BC527E000121C84 /* Main.storyboard */ = {
			isa = PBXVariantGroup;
			children = (
				868CCDD62BC527E000121C84 /* Base */,
			);
			name = Main.storyboard;
			sourceTree = "<group>";
		};
/* End PBXVariantGroup section */

/* Begin XCBuildConfiguration section */
		868CCDEA2BC527E200121C84 /* Debug */ = {
			isa = XCBuildConfiguration;
			buildSettings = {
				ALWAYS_SEARCH_USER_PATHS = NO;
				ASSETCATALOG_COMPILER_GENERATE_SWIFT_ASSET_SYMBOL_EXTENSIONS = YES;
				CLANG_ANALYZER_NONNULL = YES;
				CLANG_ANALYZER_NUMBER_OBJECT_CONVERSION = YES_AGGRESSIVE;
				CLANG_CXX_LANGUAGE_STANDARD = "gnu++20";
				CLANG_ENABLE_MODULES = YES;
				CLANG_ENABLE_OBJC_ARC = YES;
				CLANG_ENABLE_OBJC_WEAK = YES;
				CLANG_WARN_BLOCK_CAPTURE_AUTORELEASING = YES;
				CLANG_WARN_BOOL_CONVERSION = YES;
				CLANG_WARN_COMMA = YES;
				CLANG_WARN_CONSTANT_CONVERSION = YES;
				CLANG_WARN_DEPRECATED_OBJC_IMPLEMENTATIONS = YES;
				CLANG_WARN_DIRECT_OBJC_ISA_USAGE = YES_ERROR;
				CLANG_WARN_DOCUMENTATION_COMMENTS = YES;
				CLANG_WARN_EMPTY_BODY = YES;
				CLANG_WARN_ENUM_CONVERSION = YES;
				CLANG_WARN_INFINITE_RECURSION = YES;
				CLANG_WARN_INT_CONVERSION = YES;
				CLANG_WARN_NON_LITERAL_NULL_CONVERSION = YES;
				CLANG_WARN_OBJC_IMPLICIT_RETAIN_SELF = YES;
				CLANG_WARN_OBJC_LITERAL_CONVERSION = YES;
				CLANG_WARN_OBJC_ROOT_CLASS = YES_ERROR;
				CLANG_WARN_QUOTED_INCLUDE_IN_FRAMEWORK_HEADER = YES;
				CLANG_WARN_RANGE_LOOP_ANALYSIS = YES;
				CLANG_WARN_STRICT_PROTOTYPES = YES;
				CLANG_WARN_SUSPICIOUS_MOVE = YES;
				CLANG_WARN_UNGUARDED_AVAILABILITY = YES_AGGRESSIVE;
				CLANG_WARN_UNREACHABLE_CODE = YES;
				CLANG_WARN__DUPLICATE_METHOD_MATCH = YES;
				COPY_PHASE_STRIP = NO;
				DEBUG_INFORMATION_FORMAT = dwarf;
				ENABLE_STRICT_OBJC_MSGSEND = YES;
				ENABLE_TESTABILITY = YES;
				ENABLE_USER_SCRIPT_SANDBOXING = YES;
				GCC_C_LANGUAGE_STANDARD = gnu17;
				GCC_DYNAMIC_NO_PIC = NO;
				GCC_NO_COMMON_BLOCKS = YES;
				GCC_OPTIMIZATION_LEVEL = 0;
				GCC_PREPROCESSOR_DEFINITIONS = (
					"DEBUG=1",
					"$(inherited)",
				);
				GCC_WARN_64_TO_32_BIT_CONVERSION = YES;
				GCC_WARN_ABOUT_RETURN_TYPE = YES_ERROR;
				GCC_WARN_UNDECLARED_SELECTOR = YES;
				GCC_WARN_UNINITIALIZED_AUTOS = YES_AGGRESSIVE;
				GCC_WARN_UNUSED_FUNCTION = YES;
				GCC_WARN_UNUSED_VARIABLE = YES;
				LOCALIZATION_PREFERS_STRING_CATALOGS = YES;
				MACOSX_DEPLOYMENT_TARGET = 14.4;
				MTL_ENABLE_DEBUG_INFO = INCLUDE_SOURCE;
				MTL_FAST_MATH = YES;
				ONLY_ACTIVE_ARCH = YES;
				SDKROOT = macosx;
				SWIFT_ACTIVE_COMPILATION_CONDITIONS = "DEBUG $(inherited)";
				SWIFT_OPTIMIZATION_LEVEL = "-Onone";
			};
			name = Debug;
		};
		868CCDEB2BC527E200121C84 /* Release */ = {
			isa = XCBuildConfiguration;
			buildSettings = {
				ALWAYS_SEARCH_USER_PATHS = NO;
				ASSETCATALOG_COMPILER_GENERATE_SWIFT_ASSET_SYMBOL_EXTENSIONS = YES;
				CLANG_ANALYZER_NONNULL = YES;
				CLANG_ANALYZER_NUMBER_OBJECT_CONVERSION = YES_AGGRESSIVE;
				CLANG_CXX_LANGUAGE_STANDARD = "gnu++20";
				CLANG_ENABLE_MODULES = YES;
				CLANG_ENABLE_OBJC_ARC = YES;
				CLANG_ENABLE_OBJC_WEAK = YES;
				CLANG_WARN_BLOCK_CAPTURE_AUTORELEASING = YES;
				CLANG_WARN_BOOL_CONVERSION = YES;
				CLANG_WARN_COMMA = YES;
				CLANG_WARN_CONSTANT_CONVERSION = YES;
				CLANG_WARN_DEPRECATED_OBJC_IMPLEMENTATIONS = YES;
				CLANG_WARN_DIRECT_OBJC_ISA_USAGE = YES_ERROR;
				CLANG_WARN_DOCUMENTATION_COMMENTS = YES;
				CLANG_WARN_EMPTY_BODY = YES;
				CLANG_WARN_ENUM_CONVERSION = YES;
				CLANG_WARN_INFINITE_RECURSION = YES;
				CLANG_WARN_INT_CONVERSION = YES;
				CLANG_WARN_NON_LITERAL_NULL_CONVERSION = YES;
				CLANG_WARN_OBJC_IMPLICIT_RETAIN_SELF = YES;
				CLANG_WARN_OBJC_LITERAL_CONVERSION = YES;
				CLANG_WARN_OBJC_ROOT_CLASS = YES_ERROR;
				CLANG_WARN_QUOTED_INCLUDE_IN_FRAMEWORK_HEADER = YES;
				CLANG_WARN_RANGE_LOOP_ANALYSIS = YES;
				CLANG_WARN_STRICT_PROTOTYPES = YES;
				CLANG_WARN_SUSPICIOUS_MOVE = YES;
				CLANG_WARN_UNGUARDED_AVAILABILITY = YES_AGGRESSIVE;
				CLANG_WARN_UNREACHABLE_CODE = YES;
				CLANG_WARN__DUPLICATE_METHOD_MATCH = YES;
				COPY_PHASE_STRIP = NO;
				DEBUG_INFORMATION_FORMAT = "dwarf-with-dsym";
				ENABLE_NS_ASSERTIONS = NO;
				ENABLE_STRICT_OBJC_MSGSEND = YES;
				ENABLE_USER_SCRIPT_SANDBOXING = YES;
				GCC_C_LANGUAGE_STANDARD = gnu17;
				GCC_NO_COMMON_BLOCKS = YES;
				GCC_WARN_64_TO_32_BIT_CONVERSION = YES;
				GCC_WARN_ABOUT_RETURN_TYPE = YES_ERROR;
				GCC_WARN_UNDECLARED_SELECTOR = YES;
				GCC_WARN_UNINITIALIZED_AUTOS = YES_AGGRESSIVE;
				GCC_WARN_UNUSED_FUNCTION = YES;
				GCC_WARN_UNUSED_VARIABLE = YES;
				LOCALIZATION_PREFERS_STRING_CATALOGS = YES;
				MACOSX_DEPLOYMENT_TARGET = 14.4;
				MTL_ENABLE_DEBUG_INFO = NO;
				MTL_FAST_MATH = YES;
				SDKROOT = macosx;
				SWIFT_COMPILATION_MODE = wholemodule;
			};
			name = Release;
		};
		868CCDED2BC527E200121C84 /* Debug */ = {
			isa = XCBuildConfiguration;
			buildSettings = {
				CODE_SIGN_ENTITLEMENTS = "INVITE CIRCUIT | Referral Code Finder Extension/INVITE_CIRCUIT___Referral_Code_Finder_Extension.entitlements";
				CODE_SIGN_STYLE = Automatic;
				CURRENT_PROJECT_VERSION = 1;
				ENABLE_HARDENED_RUNTIME = YES;
				GENERATE_INFOPLIST_FILE = YES;
				INFOPLIST_FILE = "INVITE CIRCUIT | Referral Code Finder Extension/Info.plist";
				INFOPLIST_KEY_CFBundleDisplayName = "INVITE CIRCUIT | Referral Code Finder Extension";
				INFOPLIST_KEY_NSHumanReadableCopyright = "";
				LD_RUNPATH_SEARCH_PATHS = (
					"$(inherited)",
					"@executable_path/../Frameworks",
					"@executable_path/../../../../Frameworks",
				);
				MACOSX_DEPLOYMENT_TARGET = 10.14;
				MARKETING_VERSION = 1.0;
				OTHER_LDFLAGS = (
					"-framework",
					SafariServices,
				);
				PRODUCT_BUNDLE_IDENTIFIER = "com.yourCompany.INVITE-CIRCUIT---Referral-Code-Finder.Extension";
				PRODUCT_NAME = "$(TARGET_NAME)";
				SKIP_INSTALL = YES;
				SWIFT_EMIT_LOC_STRINGS = YES;
				SWIFT_VERSION = 5.0;
			};
			name = Debug;
		};
		868CCDEE2BC527E200121C84 /* Release */ = {
			isa = XCBuildConfiguration;
			buildSettings = {
				CODE_SIGN_ENTITLEMENTS = "INVITE CIRCUIT | Referral Code Finder Extension/INVITE_CIRCUIT___Referral_Code_Finder_Extension.entitlements";
				CODE_SIGN_STYLE = Automatic;
				CURRENT_PROJECT_VERSION = 1;
				ENABLE_HARDENED_RUNTIME = YES;
				GENERATE_INFOPLIST_FILE = YES;
				INFOPLIST_FILE = "INVITE CIRCUIT | Referral Code Finder Extension/Info.plist";
				INFOPLIST_KEY_CFBundleDisplayName = "INVITE CIRCUIT | Referral Code Finder Extension";
				INFOPLIST_KEY_NSHumanReadableCopyright = "";
				LD_RUNPATH_SEARCH_PATHS = (
					"$(inherited)",
					"@executable_path/../Frameworks",
					"@executable_path/../../../../Frameworks",
				);
				MACOSX_DEPLOYMENT_TARGET = 10.14;
				MARKETING_VERSION = 1.0;
				OTHER_LDFLAGS = (
					"-framework",
					SafariServices,
				);
				PRODUCT_BUNDLE_IDENTIFIER = "com.yourCompany.INVITE-CIRCUIT---Referral-Code-Finder.Extension";
				PRODUCT_NAME = "$(TARGET_NAME)";
				SKIP_INSTALL = YES;
				SWIFT_EMIT_LOC_STRINGS = YES;
				SWIFT_VERSION = 5.0;
			};
			name = Release;
		};
		868CCDF12BC527E200121C84 /* Debug */ = {
			isa = XCBuildConfiguration;
			buildSettings = {
				ALWAYS_EMBED_SWIFT_STANDARD_LIBRARIES = YES;
				ASSETCATALOG_COMPILER_APPICON_NAME = AppIcon;
				ASSETCATALOG_COMPILER_GLOBAL_ACCENT_COLOR_NAME = AccentColor;
				CODE_SIGN_ENTITLEMENTS = "INVITE CIRCUIT | Referral Code Finder/INVITE CIRCUIT | Referral Code Finder.entitlements";
				CODE_SIGN_STYLE = Automatic;
				COMBINE_HIDPI_IMAGES = YES;
				CURRENT_PROJECT_VERSION = 1;
				ENABLE_HARDENED_RUNTIME = YES;
				GENERATE_INFOPLIST_FILE = YES;
				INFOPLIST_FILE = "INVITE CIRCUIT | Referral Code Finder/Info.plist";
				INFOPLIST_KEY_CFBundleDisplayName = "INVITE CIRCUIT | Referral Code Finder";
				INFOPLIST_KEY_NSHumanReadableCopyright = "";
				INFOPLIST_KEY_NSMainStoryboardFile = Main;
				INFOPLIST_KEY_NSPrincipalClass = NSApplication;
				LD_RUNPATH_SEARCH_PATHS = (
					"$(inherited)",
					"@executable_path/../Frameworks",
				);
				MACOSX_DEPLOYMENT_TARGET = 10.14;
				MARKETING_VERSION = 1.0;
				OTHER_LDFLAGS = (
					"-framework",
					SafariServices,
					"-framework",
					WebKit,
				);
				PRODUCT_BUNDLE_IDENTIFIER = "com.yourCompany.INVITE-CIRCUIT---Referral-Code-Finder";
				PRODUCT_NAME = "$(TARGET_NAME)";
				SWIFT_EMIT_LOC_STRINGS = YES;
				SWIFT_VERSION = 5.0;
			};
			name = Debug;
		};
		868CCDF22BC527E200121C84 /* Release */ = {
			isa = XCBuildConfiguration;
			buildSettings = {
				ALWAYS_EMBED_SWIFT_STANDARD_LIBRARIES = YES;
				ASSETCATALOG_COMPILER_APPICON_NAME = AppIcon;
				ASSETCATALOG_COMPILER_GLOBAL_ACCENT_COLOR_NAME = AccentColor;
				CODE_SIGN_ENTITLEMENTS = "INVITE CIRCUIT | Referral Code Finder/INVITE CIRCUIT | Referral Code Finder.entitlements";
				CODE_SIGN_STYLE = Automatic;
				COMBINE_HIDPI_IMAGES = YES;
				CURRENT_PROJECT_VERSION = 1;
				ENABLE_HARDENED_RUNTIME = YES;
				GENERATE_INFOPLIST_FILE = YES;
				INFOPLIST_FILE = "INVITE CIRCUIT | Referral Code Finder/Info.plist";
				INFOPLIST_KEY_CFBundleDisplayName = "INVITE CIRCUIT | Referral Code Finder";
				INFOPLIST_KEY_NSHumanReadableCopyright = "";
				INFOPLIST_KEY_NSMainStoryboardFile = Main;
				INFOPLIST_KEY_NSPrincipalClass = NSApplication;
				LD_RUNPATH_SEARCH_PATHS = (
					"$(inherited)",
					"@executable_path/../Frameworks",
				);
				MACOSX_DEPLOYMENT_TARGET = 10.14;
				MARKETING_VERSION = 1.0;
				OTHER_LDFLAGS = (
					"-framework",
					SafariServices,
					"-framework",
					WebKit,
				);
				PRODUCT_BUNDLE_IDENTIFIER = "com.yourCompany.INVITE-CIRCUIT---Referral-Code-Finder";
				PRODUCT_NAME = "$(TARGET_NAME)";
				SWIFT_EMIT_LOC_STRINGS = YES;
				SWIFT_VERSION = 5.0;
			};
			name = Release;
		};
/* End XCBuildConfiguration section */

/* Begin XCConfigurationList section */
		868CCDBF2BC527E000121C84 /* Build configuration list for PBXProject "INVITE CIRCUIT | Referral Code Finder" */ = {
			isa = XCConfigurationList;
			buildConfigurations = (
				868CCDEA2BC527E200121C84 /* Debug */,
				868CCDEB2BC527E200121C84 /* Release */,
			);
			defaultConfigurationIsVisible = 0;
			defaultConfigurationName = Release;
		};
		868CCDEC2BC527E200121C84 /* Build configuration list for PBXNativeTarget "INVITE CIRCUIT | Referral Code Finder Extension" */ = {
			isa = XCConfigurationList;
			buildConfigurations = (
				868CCDED2BC527E200121C84 /* Debug */,
				868CCDEE2BC527E200121C84 /* Release */,
			);
			defaultConfigurationIsVisible = 0;
			defaultConfigurationName = Release;
		};
		868CCDF02BC527E200121C84 /* Build configuration list for PBXNativeTarget "INVITE CIRCUIT | Referral Code Finder" */ = {
			isa = XCConfigurationList;
			buildConfigurations = (
				868CCDF12BC527E200121C84 /* Debug */,
				868CCDF22BC527E200121C84 /* Release */,
			);
			defaultConfigurationIsVisible = 0;
			defaultConfigurationName = Release;
		};
/* End XCConfigurationList section */
	};
	rootObject = 868CCDBC2BC527E000121C84 /* Project object */;
}
